<Solution>
  <Folder Name="/Solution Items/">
    <File Path="ProjectPlan.md" />
  </Folder>
  <Project Path="ReportApp.AnalysisEngine/ReportApp.AnalysisEngine.csproj" />
  <Project Path="ReportApp.Core/ReportApp.Core.csproj" />
  <Project Path="ReportApp.WebAPI/ReportApp.WebAPI.csproj" />
</Solution>
